
Microsoft Visual Studio Solution File, Format Version 12.00
# Visual Studio Version 17
VisualStudioVersion = 17.5.33530.505
MinimumVisualStudioVersion = 10.0.40219.1
Project("{FAE04EC0-301F-11D3-BF4B-00C04F79EFBC}") = "CQRSDemo", "CQRSDemo\CQRSDemo.csproj", "{79948A4F-890E-4FAA-B27E-12AE62555639}"
EndProject
Global
	GlobalSection(SolutionConfigurationPlatforms) = preSolution
		Debug|Any CPU = Debug|Any CPU
		Release|Any CPU = Release|Any CPU
	EndGlobalSection
	GlobalSection(ProjectConfigurationPlatforms) = postSolution
		{79948A4F-890E-4FAA-B27E-12AE62555639}.Debug|Any CPU.ActiveCfg = Debug|Any CPU
		{79948A4F-890E-4FAA-B27E-12AE62555639}.Debug|Any CPU.Build.0 = Debug|Any CPU
		{79948A4F-890E-4FAA-B27E-12AE62555639}.Release|Any CPU.ActiveCfg = Release|Any CPU
		{79948A4F-890E-4FAA-B27E-12AE62555639}.Release|Any CPU.Build.0 = Release|Any CPU
	EndGlobalSection
	GlobalSection(SolutionProperties) = preSolution
		HideSolutionNode = FALSE
	EndGlobalSection
	GlobalSection(ExtensibilityGlobals) = postSolution
		SolutionGuid = {1C4FCDCF-83FE-458B-BA08-1441EDC0E28C}
	EndGlobalSection
EndGlobal
